
Microsoft Visual Studio Solution File, Format Version 12.00
# Visual Studio 14
VisualStudioVersion = 14.0.25420.1
MinimumVisualStudioVersion = 10.0.40219.1
Project("{F184B08F-C81C-45F6-A57F-5ABD9991F28F}") = "Walle Force", "Walle Force\Walle Force.vbproj", "{83ADB10F-9189-4F22-99AC-D78DF37B479D}"
EndProject
Global
	GlobalSection(SolutionConfigurationPlatforms) = preSolution
		Debug|Any CPU = Debug|Any CPU
		Release|Any CPU = Release|Any CPU
	EndGlobalSection
	GlobalSection(ProjectConfigurationPlatforms) = postSolution
		{83ADB10F-9189-4F22-99AC-D78DF37B479D}.Debug|Any CPU.ActiveCfg = Debug|Any CPU
		{83ADB10F-9189-4F22-99AC-D78DF37B479D}.Debug|Any CPU.Build.0 = Debug|Any CPU
		{83ADB10F-9189-4F22-99AC-D78DF37B479D}.Release|Any CPU.ActiveCfg = Release|Any CPU
		{83ADB10F-9189-4F22-99AC-D78DF37B479D}.Release|Any CPU.Build.0 = Release|Any CPU
	EndGlobalSection
	GlobalSection(SolutionProperties) = preSolution
		HideSolutionNode = FALSE
	EndGlobalSection
EndGlobal
